
Microsoft Visual Studio Solution File, Format Version 12.00
# Visual Studio Version 16
VisualStudioVersion = 16.0.29116.123
MinimumVisualStudioVersion = 10.0.40219.1
Project("{FAE04EC0-301F-11D3-BF4B-00C04F79EFBC}") = "WebApITest", "WebApITest\WebApITest.csproj", "{2F5888A6-72A2-48D3-B792-1F1E50CC39B1}"
EndProject
Global
	GlobalSection(SolutionConfigurationPlatforms) = preSolution
		Debug|Any CPU = Debug|Any CPU
		Release|Any CPU = Release|Any CPU
	EndGlobalSection
	GlobalSection(ProjectConfigurationPlatforms) = postSolution
		{2F5888A6-72A2-48D3-B792-1F1E50CC39B1}.Debug|Any CPU.ActiveCfg = Debug|Any CPU
		{2F5888A6-72A2-48D3-B792-1F1E50CC39B1}.Debug|Any CPU.Build.0 = Debug|Any CPU
		{2F5888A6-72A2-48D3-B792-1F1E50CC39B1}.Release|Any CPU.ActiveCfg = Release|Any CPU
		{2F5888A6-72A2-48D3-B792-1F1E50CC39B1}.Release|Any CPU.Build.0 = Release|Any CPU
	EndGlobalSection
	GlobalSection(SolutionProperties) = preSolution
		HideSolutionNode = FALSE
	EndGlobalSection
	GlobalSection(ExtensibilityGlobals) = postSolution
		SolutionGuid = {70642CBE-EFCD-4A8E-8593-E058D22A0DA6}
	EndGlobalSection
EndGlobal
